// !$*UTF8*$!
{
	archiveVersion = 1;
	classes = {
	};
	objectVersion = 50;
	objects = {

/* Begin PBXBuildFile section */
		9623830D21239F01005CC506 /* AppDelegate.swift in Sources */ = {isa = PBXBuildFile; fileRef = 9623830C21239F01005CC506 /* AppDelegate.swift */; };
		9623830F21239F01005CC506 /* ViewController.swift in Sources */ = {isa = PBXBuildFile; fileRef = 9623830E21239F01005CC506 /* ViewController.swift */; };
		9623831221239F01005CC506 /* Main.storyboard in Resources */ = {isa = PBXBuildFile; fileRef = 9623831021239F01005CC506 /* Main.storyboard */; };
		9623831421239F03005CC506 /* Assets.xcassets in Resources */ = {isa = PBXBuildFile; fileRef = 9623831321239F03005CC506 /* Assets.xcassets */; };
		9623831721239F03005CC506 /* LaunchScreen.storyboard in Resources */ = {isa = PBXBuildFile; fileRef = 9623831521239F03005CC506 /* LaunchScreen.storyboard */; };
		9623831F2123A5F6005CC506 /* CardModel.swift in Sources */ = {isa = PBXBuildFile; fileRef = 9623831E2123A5F6005CC506 /* CardModel.swift */; };
		962383212123A805005CC506 /* Card.swift in Sources */ = {isa = PBXBuildFile; fileRef = 962383202123A805005CC506 /* Card.swift */; };
		962383232123AEA7005CC506 /* CardCollectionViewCell.swift in Sources */ = {isa = PBXBuildFile; fileRef = 962383222123AEA7005CC506 /* CardCollectionViewCell.swift */; };
/* End PBXBuildFile section */

/* Begin PBXFileReference section */
		9623830921239F01005CC506 /* Match App.app */ = {isa = PBXFileReference; explicitFileType = wrapper.application; includeInIndex = 0; path = "Match App.app"; sourceTree = BUILT_PRODUCTS_DIR; };
		9623830C21239F01005CC506 /* AppDelegate.swift */ = {isa = PBXFileReference; lastKnownFileType = sourcecode.swift; path = AppDelegate.swift; sourceTree = "<group>"; };
		9623830E21239F01005CC506 /* ViewController.swift */ = {isa = PBXFileReference; lastKnownFileType = sourcecode.swift; path = ViewController.swift; sourceTree = "<group>"; };
		9623831121239F01005CC506 /* Base */ = {isa = PBXFileReference; lastKnownFileType = file.storyboard; name = Base; path = Base.lproj/Main.storyboard; sourceTree = "<group>"; };
		9623831321239F03005CC506 /* Assets.xcassets */ = {isa = PBXFileReference; lastKnownFileType = folder.assetcatalog; path = Assets.xcassets; sourceTree = "<group>"; };
		9623831621239F03005CC506 /* Base */ = {isa = PBXFileReference; lastKnownFileType = file.storyboard; name = Base; path = Base.lproj/LaunchScreen.storyboard; sourceTree = "<group>"; };
		9623831821239F03005CC506 /* Info.plist */ = {isa = PBXFileReference; lastKnownFileType = text.plist.xml; path = Info.plist; sourceTree = "<group>"; };
		9623831E2123A5F6005CC506 /* CardModel.swift */ = {isa = PBXFileReference; lastKnownFileType = sourcecode.swift; path = CardModel.swift; sourceTree = "<group>"; };
		962383202123A805005CC506 /* Card.swift */ = {isa = PBXFileReference; lastKnownFileType = sourcecode.swift; path = Card.swift; sourceTree = "<group>"; };
		962383222123AEA7005CC506 /* CardCollectionViewCell.swift */ = {isa = PBXFileReference; lastKnownFileType = sourcecode.swift; path = CardCollectionViewCell.swift; sourceTree = "<group>"; };
/* End PBXFileReference section */

/* Begin PBXFrameworksBuildPhase section */
		9623830621239F01005CC506 /* Frameworks */ = {
			isa = PBXFrameworksBuildPhase;
			buildActionMask = 2147483647;
			files = (
			);
			runOnlyForDeploymentPostprocessing = 0;
		};
/* End PBXFrameworksBuildPhase section */

/* Begin PBXGroup section */
		9623830021239F01005CC506 = {
			isa = PBXGroup;
			children = (
				9623830B21239F01005CC506 /* Match App */,
				9623830A21239F01005CC506 /* Products */,
			);
			sourceTree = "<group>";
		};
		9623830A21239F01005CC506 /* Products */ = {
			isa = PBXGroup;
			children = (
				9623830921239F01005CC506 /* Match App.app */,
			);
			name = Products;
			sourceTree = "<group>";
		};
		9623830B21239F01005CC506 /* Match App */ = {
			isa = PBXGroup;
			children = (
				9623830C21239F01005CC506 /* AppDelegate.swift */,
				9623830E21239F01005CC506 /* ViewController.swift */,
				9623831E2123A5F6005CC506 /* CardModel.swift */,
				962383202123A805005CC506 /* Card.swift */,
				962383222123AEA7005CC506 /* CardCollectionViewCell.swift */,
				9623831021239F01005CC506 /* Main.storyboard */,
				9623831321239F03005CC506 /* Assets.xcassets */,
				9623831521239F03005CC506 /* LaunchScreen.storyboard */,
				9623831821239F03005CC506 /* Info.plist */,
			);
			path = "Match App";
			sourceTree = "<group>";
		};
/* End PBXGroup section */

/* Begin PBXNativeTarget section */
		9623830821239F01005CC506 /* Match App */ = {
			isa = PBXNativeTarget;
			buildConfigurationList = 9623831B21239F03005CC506 /* Build configuration list for PBXNativeTarget "Match App" */;
			buildPhases = (
				9623830521239F01005CC506 /* Sources */,
				9623830621239F01005CC506 /* Frameworks */,
				9623830721239F01005CC506 /* Resources */,
			);
			buildRules = (
			);
			dependencies = (
			);
			name = "Match App";
			productName = "Match App";
			productReference = 9623830921239F01005CC506 /* Match App.app */;
			productType = "com.apple.product-type.application";
		};
/* End PBXNativeTarget section */

/* Begin PBXProject section */
		9623830121239F01005CC506 /* Project object */ = {
			isa = PBXProject;
			attributes = {
				LastSwiftUpdateCheck = 0940;
				LastUpgradeCheck = 0940;
				ORGANIZATIONNAME = "The book";
				TargetAttributes = {
					9623830821239F01005CC506 = {
						CreatedOnToolsVersion = 9.4.1;
					};
				};
			};
			buildConfigurationList = 9623830421239F01005CC506 /* Build configuration list for PBXProject "Match App" */;
			compatibilityVersion = "Xcode 9.3";
			developmentRegion = en;
			hasScannedForEncodings = 0;
			knownRegions = (
				en,
				Base,
			);
			mainGroup = 9623830021239F01005CC506;
			productRefGroup = 9623830A21239F01005CC506 /* Products */;
			projectDirPath = "";
			projectRoot = "";
			targets = (
				9623830821239F01005CC506 /* Match App */,
			);
		};
/* End PBXProject section */

/* Begin PBXResourcesBuildPhase section */
		9623830721239F01005CC506 /* Resources */ = {
			isa = PBXResourcesBuildPhase;
			buildActionMask = 2147483647;
			files = (
				9623831721239F03005CC506 /* LaunchScreen.storyboard in Resources */,
				9623831421239F03005CC506 /* Assets.xcassets in Resources */,
				9623831221239F01005CC506 /* Main.storyboard in Resources */,
			);
			runOnlyForDeploymentPostprocessing = 0;
		};
/* End PBXResourcesBuildPhase section */

/* Begin PBXSourcesBuildPhase section */
		9623830521239F01005CC506 /* Sources */ = {
			isa = PBXSourcesBuildPhase;
			buildActionMask = 2147483647;
			files = (
				9623830F21239F01005CC506 /* ViewController.swift in Sources */,
				9623830D21239F01005CC506 /* AppDelegate.swift in Sources */,
				9623831F2123A5F6005CC506 /* CardModel.swift in Sources */,
				962383232123AEA7005CC506 /* CardCollectionViewCell.swift in Sources */,
				962383212123A805005CC506 /* Card.swift in Sources */,
			);
			runOnlyForDeploymentPostprocessing = 0;
		};
/* End PBXSourcesBuildPhase section */

/* Begin PBXVariantGroup section */
		9623831021239F01005CC506 /* Main.storyboard */ = {
			isa = PBXVariantGroup;
			children = (
				9623831121239F01005CC506 /* Base */,
			);
			name = Main.storyboard;
			sourceTree = "<group>";
		};
		9623831521239F03005CC506 /* LaunchScreen.storyboard */ = {
			isa = PBXVariantGroup;
			children = (
				9623831621239F03005CC506 /* Base */,
			);
			name = LaunchScreen.storyboard;
			sourceTree = "<group>";
		};
/* End PBXVariantGroup section */

/* Begin XCBuildConfiguration section */
		9623831921239F03005CC506 /* Debug */ = {
			isa = XCBuildConfiguration;
			buildSettings = {
				ALWAYS_SEARCH_USER_PATHS = NO;
				CLANG_ANALYZER_NONNULL = YES;
				CLANG_ANALYZER_NUMBER_OBJECT_CONVERSION = YES_AGGRESSIVE;
				CLANG_CXX_LANGUAGE_STANDARD = "gnu++14";
				CLANG_CXX_LIBRARY = "libc++";
				CLANG_ENABLE_MODULES = YES;
				CLANG_ENABLE_OBJC_ARC = YES;
				CLANG_ENABLE_OBJC_WEAK = YES;
				CLANG_WARN_BLOCK_CAPTURE_AUTORELEASING = YES;
				CLANG_WARN_BOOL_CONVERSION = YES;
				CLANG_WARN_COMMA = YES;
				CLANG_WARN_CONSTANT_CONVERSION = YES;
				CLANG_WARN_DEPRECATED_OBJC_IMPLEMENTATIONS = YES;
				CLANG_WARN_DIRECT_OBJC_ISA_USAGE = YES_ERROR;
				CLANG_WARN_DOCUMENTATION_COMMENTS = YES;
				CLANG_WARN_EMPTY_BODY = YES;
				CLANG_WARN_ENUM_CONVERSION = YES;
				CLANG_WARN_INFINITE_RECURSION = YES;
				CLANG_WARN_INT_CONVERSION = YES;
				CLANG_WARN_NON_LITERAL_NULL_CONVERSION = YES;
				CLANG_WARN_OBJC_IMPLICIT_RETAIN_SELF = YES;
				CLANG_WARN_OBJC_LITERAL_CONVERSION = YES;
				CLANG_WARN_OBJC_ROOT_CLASS = YES_ERROR;
				CLANG_WARN_RANGE_LOOP_ANALYSIS = YES;
				CLANG_WARN_STRICT_PROTOTYPES = YES;
				CLANG_WARN_SUSPICIOUS_MOVE = YES;
				CLANG_WARN_UNGUARDED_AVAILABILITY = YES_AGGRESSIVE;
				CLANG_WARN_UNREACHABLE_CODE = YES;
				CLANG_WARN__DUPLICATE_METHOD_MATCH = YES;
				CODE_SIGN_IDENTITY = "iPhone Developer";
				COPY_PHASE_STRIP = NO;
				DEBUG_INFORMATION_FORMAT = dwarf;
				ENABLE_STRICT_OBJC_MSGSEND = YES;
				ENABLE_TESTABILITY = YES;
				GCC_C_LANGUAGE_STANDARD = gnu11;
				GCC_DYNAMIC_NO_PIC = NO;
				GCC_NO_COMMON_BLOCKS = YES;
				GCC_OPTIMIZATION_LEVEL = 0;
				GCC_PREPROCESSOR_DEFINITIONS = (
					"DEBUG=1",
					"$(inherited)",
				);
				GCC_WARN_64_TO_32_BIT_CONVERSION = YES;
				GCC_WARN_ABOUT_RETURN_TYPE = YES_ERROR;
				GCC_WARN_UNDECLARED_SELECTOR = YES;
				GCC_WARN_UNINITIALIZED_AUTOS = YES_AGGRESSIVE;
				GCC_WARN_UNUSED_FUNCTION = YES;
				GCC_WARN_UNUSED_VARIABLE = YES;
				IPHONEOS_DEPLOYMENT_TARGET = 11.4;
				MTL_ENABLE_DEBUG_INFO = YES;
				ONLY_ACTIVE_ARCH = YES;
				SDKROOT = iphoneos;
				SWIFT_ACTIVE_COMPILATION_CONDITIONS = DEBUG;
				SWIFT_OPTIMIZATION_LEVEL = "-Onone";
			};
			name = Debug;
		};
		9623831A21239F03005CC506 /* Release */ = {
			isa = XCBuildConfiguration;
			buildSettings = {
				ALWAYS_SEARCH_USER_PATHS = NO;
				CLANG_ANALYZER_NONNULL = YES;
				CLANG_ANALYZER_NUMBER_OBJECT_CONVERSION = YES_AGGRESSIVE;
				CLANG_CXX_LANGUAGE_STANDARD = "gnu++14";
				CLANG_CXX_LIBRARY = "libc++";
				CLANG_ENABLE_MODULES = YES;
				CLANG_ENABLE_OBJC_ARC = YES;
				CLANG_ENABLE_OBJC_WEAK = YES;
				CLANG_WARN_BLOCK_CAPTURE_AUTORELEASING = YES;
				CLANG_WARN_BOOL_CONVERSION = YES;
				CLANG_WARN_COMMA = YES;
				CLANG_WARN_CONSTANT_CONVERSION = YES;
				CLANG_WARN_DEPRECATED_OBJC_IMPLEMENTATIONS = YES;
				CLANG_WARN_DIRECT_OBJC_ISA_USAGE = YES_ERROR;
				CLANG_WARN_DOCUMENTATION_COMMENTS = YES;
				CLANG_WARN_EMPTY_BODY = YES;
				CLANG_WARN_ENUM_CONVERSION = YES;
				CLANG_WARN_INFINITE_RECURSION = YES;
				CLANG_WARN_INT_CONVERSION = YES;
				CLANG_WARN_NON_LITERAL_NULL_CONVERSION = YES;
				CLANG_WARN_OBJC_IMPLICIT_RETAIN_SELF = YES;
				CLANG_WARN_OBJC_LITERAL_CONVERSION = YES;
				CLANG_WARN_OBJC_ROOT_CLASS = YES_ERROR;
				CLANG_WARN_RANGE_LOOP_ANALYSIS = YES;
				CLANG_WARN_STRICT_PROTOTYPES = YES;
				CLANG_WARN_SUSPICIOUS_MOVE = YES;
				CLANG_WARN_UNGUARDED_AVAILABILITY = YES_AGGRESSIVE;
				CLANG_WARN_UNREACHABLE_CODE = YES;
				CLANG_WARN__DUPLICATE_METHOD_MATCH = YES;
				CODE_SIGN_IDENTITY = "iPhone Developer";
				COPY_PHASE_STRIP = NO;
				DEBUG_INFORMATION_FORMAT = "dwarf-with-dsym";
				ENABLE_NS_ASSERTIONS = NO;
				ENABLE_STRICT_OBJC_MSGSEND = YES;
				GCC_C_LANGUAGE_STANDARD = gnu11;
				GCC_NO_COMMON_BLOCKS = YES;
				GCC_WARN_64_TO_32_BIT_CONVERSION = YES;
				GCC_WARN_ABOUT_RETURN_TYPE = YES_ERROR;
				GCC_WARN_UNDECLARED_SELECTOR = YES;
				GCC_WARN_UNINITIALIZED_AUTOS = YES_AGGRESSIVE;
				GCC_WARN_UNUSED_FUNCTION = YES;
				GCC_WARN_UNUSED_VARIABLE = YES;
				IPHONEOS_DEPLOYMENT_TARGET = 11.4;
				MTL_ENABLE_DEBUG_INFO = NO;
				SDKROOT = iphoneos;
				SWIFT_COMPILATION_MODE = wholemodule;
				SWIFT_OPTIMIZATION_LEVEL = "-O";
				VALIDATE_PRODUCT = YES;
			};
			name = Release;
		};
		9623831C21239F03005CC506 /* Debug */ = {
			isa = XCBuildConfiguration;
			buildSettings = {
				ASSETCATALOG_COMPILER_APPICON_NAME = AppIcon;
				CODE_SIGN_STYLE = Automatic;
				INFOPLIST_FILE = "Match App/Info.plist";
				LD_RUNPATH_SEARCH_PATHS = (
					"$(inherited)",
					"@executable_path/Frameworks",
				);
				PRODUCT_BUNDLE_IDENTIFIER = "jisungs.Match-App";
				PRODUCT_NAME = "$(TARGET_NAME)";
				SWIFT_VERSION = 4.0;
				TARGETED_DEVICE_FAMILY = "1,2";
			};
			name = Debug;
		};
		9623831D21239F03005CC506 /* Release */ = {
			isa = XCBuildConfiguration;
			buildSettings = {
				ASSETCATALOG_COMPILER_APPICON_NAME = AppIcon;
				CODE_SIGN_STYLE = Automatic;
				INFOPLIST_FILE = "Match App/Info.plist";
				LD_RUNPATH_SEARCH_PATHS = (
					"$(inherited)",
					"@executable_path/Frameworks",
				);
				PRODUCT_BUNDLE_IDENTIFIER = "jisungs.Match-App";
				PRODUCT_NAME = "$(TARGET_NAME)";
				SWIFT_VERSION = 4.0;
				TARGETED_DEVICE_FAMILY = "1,2";
			};
			name = Release;
		};
/* End XCBuildConfiguration section */

/* Begin XCConfigurationList section */
		9623830421239F01005CC506 /* Build configuration list for PBXProject "Match App" */ = {
			isa = XCConfigurationList;
			buildConfigurations = (
				9623831921239F03005CC506 /* Debug */,
				9623831A21239F03005CC506 /* Release */,
			);
			defaultConfigurationIsVisible = 0;
			defaultConfigurationName = Release;
		};
		9623831B21239F03005CC506 /* Build configuration list for PBXNativeTarget "Match App" */ = {
			isa = XCConfigurationList;
			buildConfigurations = (
				9623831C21239F03005CC506 /* Debug */,
				9623831D21239F03005CC506 /* Release */,
			);
			defaultConfigurationIsVisible = 0;
			defaultConfigurationName = Release;
		};
/* End XCConfigurationList section */
	};
	rootObject = 9623830121239F01005CC506 /* Project object */;
}
